
Microsoft Visual Studio Solution File, Format Version 12.00
# Visual Studio Version 17
VisualStudioVersion = 17.2.32526.322
MinimumVisualStudioVersion = 10.0.40219.1
Global
	GlobalSection(SolutionConfigurationPlatforms) = preSolution
		Debug|Any CPU = Debug|Any CPU
		Release|Any CPU = Release|Any CPU
	EndGlobalSection
	GlobalSection(ProjectConfigurationPlatforms) = postSolution
		{A38F5670-DCA0-40B1-BE3E-5331E45DC835}.Debug|Any CPU.ActiveCfg = Debug|Any CPU
		{A38F5670-DCA0-40B1-BE3E-5331E45DC835}.Debug|Any CPU.Build.0 = Debug|Any CPU
		{A38F5670-DCA0-40B1-BE3E-5331E45DC835}.Release|Any CPU.ActiveCfg = Release|Any CPU
		{A38F5670-DCA0-40B1-BE3E-5331E45DC835}.Release|Any CPU.Build.0 = Release|Any CPU
	EndGlobalSection
	GlobalSection(SolutionProperties) = preSolution
		HideSolutionNode = FALSE
	EndGlobalSection
	GlobalSection(NestedProjects) = preSolution
		{A38F5670-DCA0-40B1-BE3E-5331E45DC835} = {D9A862DA-0A9B-4652-9F00-C70F01DE7F2A}
	EndGlobalSection
	GlobalSection(ExtensibilityGlobals) = postSolution
		SolutionGuid = {60984BC9-01D1-4B40-9733-E459B1231F96}
	EndGlobalSection
EndGlobal
